
Microsoft Visual Studio Solution File, Format Version 12.00
# Visual Studio Version 17
VisualStudioVersion = 17.14.36518.9 d17.14
MinimumVisualStudioVersion = 10.0.40219.1
Project("{888888A0-9F3D-457C-B088-3A5042F75D52}") = "ConsoleHackingGuideScript", "ConsoleHackingGuideScript\ConsoleHackingGuideScript.pyproj", "{D1F80758-C812-43FA-81A5-DC3D9D6DAA3E}"
EndProject
Global
	GlobalSection(SolutionConfigurationPlatforms) = preSolution
		Debug|Any CPU = Debug|Any CPU
		Release|Any CPU = Release|Any CPU
	EndGlobalSection
	GlobalSection(ProjectConfigurationPlatforms) = postSolution
		{D1F80758-C812-43FA-81A5-DC3D9D6DAA3E}.Debug|Any CPU.ActiveCfg = Debug|Any CPU
		{D1F80758-C812-43FA-81A5-DC3D9D6DAA3E}.Release|Any CPU.ActiveCfg = Release|Any CPU
	EndGlobalSection
	GlobalSection(SolutionProperties) = preSolution
		HideSolutionNode = FALSE
	EndGlobalSection
	GlobalSection(ExtensibilityGlobals) = postSolution
		SolutionGuid = {CFA3885A-9F0C-4CA2-BC75-5A5772C0E01C}
	EndGlobalSection
EndGlobal
